
Microsoft Visual Studio Solution File, Format Version 12.00
# Visual Studio 14
VisualStudioVersion = 14.0.25420.1
MinimumVisualStudioVersion = 10.0.40219.1
Project("{2150E333-8FDC-42A3-9474-1A3956D46DE8}") = "src", "src", "{3C1E4D96-68CE-410C-8D00-487FDA8DA69A}"
EndProject
Project("{2150E333-8FDC-42A3-9474-1A3956D46DE8}") = "Solution Items", "Solution Items", "{55122116-DE3B-4D26-8870-EAC386509AE8}"
	ProjectSection(SolutionItems) = preProject
		global.json = global.json
		nuget.config = nuget.config
	EndProjectSection
EndProject
Project("{8BB2217D-0F2D-49D1-97BC-3654ED321F3B}") = "BuildWatcher", "src\BuildWatcher\BuildWatcher.xproj", "{DE2041C7-61E9-4B74-998B-21E3A7C450AE}"
EndProject
Project("{8BB2217D-0F2D-49D1-97BC-3654ED321F3B}") = "BuildWatcher.Model", "src\BuildWatcher.Model\BuildWatcher.Model.xproj", "{0087EC18-90CE-49A0-9752-34BD00F854AE}"
EndProject
Project("{8BB2217D-0F2D-49D1-97BC-3654ED321F3B}") = "BuildWatcher.Mocks", "src\BuildWatcher.Mocks\BuildWatcher.Mocks.xproj", "{D9CB53A1-8687-4A7B-9DC3-30CCCA3036F5}"
EndProject
Project("{2150E333-8FDC-42A3-9474-1A3956D46DE8}") = "test", "test", "{03CE4472-2DA3-4F1B-916D-7F60E1F74D5F}"
EndProject
Project("{8BB2217D-0F2D-49D1-97BC-3654ED321F3B}") = "BuildWatcher.Test", "test\BuildWatcher.Test\BuildWatcher.Test.xproj", "{7A4DA47A-9223-4BE3-A87C-B35F2EB04503}"
EndProject
Project("{8BB2217D-0F2D-49D1-97BC-3654ED321F3B}") = "BuildWatcher.Service", "src\BuildWatcher.Service\BuildWatcher.Service.xproj", "{4499D93D-E9C4-44AD-9DB2-8DD543DBF510}"
EndProject
Global
	GlobalSection(SolutionConfigurationPlatforms) = preSolution
		Debug|Any CPU = Debug|Any CPU
		Release|Any CPU = Release|Any CPU
	EndGlobalSection
	GlobalSection(ProjectConfigurationPlatforms) = postSolution
		{DE2041C7-61E9-4B74-998B-21E3A7C450AE}.Debug|Any CPU.ActiveCfg = Debug|Any CPU
		{DE2041C7-61E9-4B74-998B-21E3A7C450AE}.Debug|Any CPU.Build.0 = Debug|Any CPU
		{DE2041C7-61E9-4B74-998B-21E3A7C450AE}.Release|Any CPU.ActiveCfg = Release|Any CPU
		{DE2041C7-61E9-4B74-998B-21E3A7C450AE}.Release|Any CPU.Build.0 = Release|Any CPU
		{0087EC18-90CE-49A0-9752-34BD00F854AE}.Debug|Any CPU.ActiveCfg = Debug|Any CPU
		{0087EC18-90CE-49A0-9752-34BD00F854AE}.Debug|Any CPU.Build.0 = Debug|Any CPU
		{0087EC18-90CE-49A0-9752-34BD00F854AE}.Release|Any CPU.ActiveCfg = Release|Any CPU
		{0087EC18-90CE-49A0-9752-34BD00F854AE}.Release|Any CPU.Build.0 = Release|Any CPU
		{D9CB53A1-8687-4A7B-9DC3-30CCCA3036F5}.Debug|Any CPU.ActiveCfg = Debug|Any CPU
		{D9CB53A1-8687-4A7B-9DC3-30CCCA3036F5}.Debug|Any CPU.Build.0 = Debug|Any CPU
		{D9CB53A1-8687-4A7B-9DC3-30CCCA3036F5}.Release|Any CPU.ActiveCfg = Release|Any CPU
		{D9CB53A1-8687-4A7B-9DC3-30CCCA3036F5}.Release|Any CPU.Build.0 = Release|Any CPU
		{7A4DA47A-9223-4BE3-A87C-B35F2EB04503}.Debug|Any CPU.ActiveCfg = Debug|Any CPU
		{7A4DA47A-9223-4BE3-A87C-B35F2EB04503}.Debug|Any CPU.Build.0 = Debug|Any CPU
		{7A4DA47A-9223-4BE3-A87C-B35F2EB04503}.Release|Any CPU.ActiveCfg = Release|Any CPU
		{7A4DA47A-9223-4BE3-A87C-B35F2EB04503}.Release|Any CPU.Build.0 = Release|Any CPU
		{4499D93D-E9C4-44AD-9DB2-8DD543DBF510}.Debug|Any CPU.ActiveCfg = Debug|Any CPU
		{4499D93D-E9C4-44AD-9DB2-8DD543DBF510}.Debug|Any CPU.Build.0 = Debug|Any CPU
		{4499D93D-E9C4-44AD-9DB2-8DD543DBF510}.Release|Any CPU.ActiveCfg = Release|Any CPU
		{4499D93D-E9C4-44AD-9DB2-8DD543DBF510}.Release|Any CPU.Build.0 = Release|Any CPU
	EndGlobalSection
	GlobalSection(SolutionProperties) = preSolution
		HideSolutionNode = FALSE
	EndGlobalSection
	GlobalSection(NestedProjects) = preSolution
		{DE2041C7-61E9-4B74-998B-21E3A7C450AE} = {3C1E4D96-68CE-410C-8D00-487FDA8DA69A}
		{0087EC18-90CE-49A0-9752-34BD00F854AE} = {3C1E4D96-68CE-410C-8D00-487FDA8DA69A}
		{D9CB53A1-8687-4A7B-9DC3-30CCCA3036F5} = {3C1E4D96-68CE-410C-8D00-487FDA8DA69A}
		{7A4DA47A-9223-4BE3-A87C-B35F2EB04503} = {03CE4472-2DA3-4F1B-916D-7F60E1F74D5F}
		{4499D93D-E9C4-44AD-9DB2-8DD543DBF510} = {3C1E4D96-68CE-410C-8D00-487FDA8DA69A}
	EndGlobalSection
EndGlobal
